PODS:
  - AFNetworking (2.2.1):
    - AFNetworking/NSURLConnection
    - AFNetworking/NSURLSession
    - AFNetworking/Reachability
    - AFNetworking/Security
    - AFNetworking/Serialization
    - AFNetworking/UIKit
  - AFNetworking/NSURLConnection (2.2.1):
    - AFNetworking/Reachability
    - AFNetworking/Security
    - AFNetworking/Serialization
  - AFNetworking/NSURLSession (2.2.1):
    - AFNetworking/NSURLConnection
  - AFNetworking/Reachability (2.2.1)
  - AFNetworking/Security (2.2.1)
  - AFNetworking/Serialization (2.2.1)
  - hpple (0.2.0)
  - Sparkle-pornel (1.6.0)

DEPENDENCIES:
  - AFNetworking (~> 2.2)
  - hpple (~> 0.2)
  - Sparkle-pornel (~> 1.6)

SPEC CHECKSUMS:
  AFNetworking: 0121f4b69be3fa58d1ab317866e036e12ac9651d
  hpple: dde62f905f482bbec50186280d1a1be2c881241b
  Sparkle-pornel: 120a4523c19723d703fd03f019f82cb2ae7fab24

COCOAPODS: 0.31.1
